Microsoft Visual Studio Solution File, Format Version 11.00
# Visual Studio 2008

Project("{46BAD5A4-F723-BAEA-CE0F-F255DEEBFF38}") = "EzySlice", "Assembly-CSharp.csproj", "{520C1936-C639-4674-28DD-3871107F546D}"
EndProject
Global
	GlobalSection(SolutionConfigurationPlatforms) = preSolution
		Debug|Any CPU = Debug|Any CPU
		Release|Any CPU = Release|Any CPU
	EndGlobalSection
	GlobalSection(ProjectConfigurationPlatforms) = postSolution
		{520C1936-C639-4674-28DD-3871107F546D}.Debug|Any CPU.ActiveCfg = Debug|Any CPU
		{520C1936-C639-4674-28DD-3871107F546D}.Debug|Any CPU.Build.0 = Debug|Any CPU
		{520C1936-C639-4674-28DD-3871107F546D}.Release|Any CPU.ActiveCfg = Release|Any CPU
		{520C1936-C639-4674-28DD-3871107F546D}.Release|Any CPU.Build.0 = Release|Any CPU
	EndGlobalSection
	GlobalSection(SolutionProperties) = preSolution
		HideSolutionNode = FALSE
	EndGlobalSection
	GlobalSection(MonoDevelopProperties) = preSolution
		StartupItem = Assembly-CSharp.csproj
	EndGlobalSection
EndGlobal
